
Microsoft Visual Studio Solution File, Format Version 12.00
# Visual Studio 15
VisualStudioVersion = 15.0.27130.2010
MinimumVisualStudioVersion = 10.0.40219.1
Project("{FAE04EC0-301F-11D3-BF4B-00C04F79EFBC}") = "SerialPortDemo", "SerialPortDemo\SerialPortDemo.csproj", "{AC8C54E2-C93A-4EC0-9BC5-447FF62F22C7}"
EndProject
Global
	GlobalSection(SolutionConfigurationPlatforms) = preSolution
		Debug|Any CPU = Debug|Any CPU
		Release|Any CPU = Release|Any CPU
	EndGlobalSection
	GlobalSection(ProjectConfigurationPlatforms) = postSolution
		{AC8C54E2-C93A-4EC0-9BC5-447FF62F22C7}.Debug|Any CPU.ActiveCfg = Debug|Any CPU
		{AC8C54E2-C93A-4EC0-9BC5-447FF62F22C7}.Debug|Any CPU.Build.0 = Debug|Any CPU
		{AC8C54E2-C93A-4EC0-9BC5-447FF62F22C7}.Release|Any CPU.ActiveCfg = Release|Any CPU
		{AC8C54E2-C93A-4EC0-9BC5-447FF62F22C7}.Release|Any CPU.Build.0 = Release|Any CPU
	EndGlobalSection
	GlobalSection(SolutionProperties) = preSolution
		HideSolutionNode = FALSE
	EndGlobalSection
	GlobalSection(ExtensibilityGlobals) = postSolution
		SolutionGuid = {293D0C5B-4CB0-4E55-BE02-68924F9FCDFD}
	EndGlobalSection
EndGlobal
